<?xml version="1.0" encoding="utf-8"?>
<Project ToolsVersion="4.0" xmlns="http://schemas.microsoft.com/developer/msbuild/2003">
  <ItemGroup>
    <Filter Include="Game">
      <UniqueIdentifier>{98b17861-0132-4295-9cf5-b410abb91bb3}</UniqueIdentifier>
    </Filter>
    <Filter Include="Engine">
      <UniqueIdentifier>{09c1e042-4a08-4f88-80c5-e4c69e6bbf05}</UniqueIdentifier>
    </Filter>
    <Filter Include="Game\Component">
      <UniqueIdentifier>{37952a17-17a2-477d-bf0a-f5d77801ba87}</UniqueIdentifier>
    </Filter>
    <Filter Include="Game\Object">
      <UniqueIdentifier>{ba6e5102-2838-4e8f-8b81-7520219214c4}</UniqueIdentifier>
    </Filter>
    <Filter Include="Game\Level">
      <UniqueIdentifier>{7a18145f-2563-45b4-8c52-0d250b07fa33}</UniqueIdentifier>
    </Filter>
  </ItemGroup>
  <ItemGroup>
    <ClCompile Include="Game\Main.cpp">
      <Filter>Game</Filter>
    </ClCompile>
    <ClCompile Include="GameEngine\src\Window.cpp">
      <Filter>Engine</Filter>
    </ClCompile>
    <ClCompile Include="GameEngine\src\SpriteManager.cpp">
      <Filter>Engine</Filter>
    </ClCompile>
    <ClCompile Include="GameEngine\src\CameraManager.cpp">
      <Filter>Engine</Filter>
    </ClCompile>
    <ClCompile Include="GameEngine\src\InputManager.cpp">
      <Filter>Engine</Filter>
    </ClCompile>
    <ClCompile Include="GameEngine\src\ObjectManager.cpp">
      <Filter>Engine</Filter>
    </ClCompile>
    <ClCompile Include="GameEngine\src\Object.cpp">
      <Filter>Engine</Filter>
    </ClCompile>
    <ClCompile Include="GameEngine\src\LevelManager.cpp">
      <Filter>Engine</Filter>
    </ClCompile>
    <ClCompile Include="Game\Level\TestLevel.cpp">
      <Filter>Game\Level</Filter>
    </ClCompile>
    <ClCompile Include="Game\Component\TestComp.cpp">
      <Filter>Game\Component</Filter>
    </ClCompile>
    <ClCompile Include="GameEngine\src\Application.cpp">
      <Filter>Engine</Filter>
    </ClCompile>
    <ClCompile Include="Game\Component\Physics.cpp">
      <Filter>Game\Component</Filter>
    </ClCompile>
  </ItemGroup>
  <ItemGroup>
    <ClInclude Include="GameEngine\src\Window.hpp">
      <Filter>Engine</Filter>
    </ClInclude>
    <ClInclude Include="GameEngine\src\SpriteManager.hpp">
      <Filter>Engine</Filter>
    </ClInclude>
    <ClInclude Include="GameEngine\src\Instance.hpp">
      <Filter>Engine</Filter>
    </ClInclude>
    <ClInclude Include="GameEngine\src\CameraManager.hpp">
      <Filter>Engine</Filter>
    </ClInclude>
    <ClInclude Include="GameEngine\src\InputManager.hpp">
      <Filter>Engine</Filter>
    </ClInclude>
    <ClInclude Include="GameEngine\src\ObjectType.hpp">
      <Filter>Game\Object</Filter>
    </ClInclude>
    <ClInclude Include="GameEngine\src\Component.hpp">
      <Filter>Engine</Filter>
    </ClInclude>
    <ClInclude Include="GameEngine\src\ObjectManager.hpp">
      <Filter>Engine</Filter>
    </ClInclude>
    <ClInclude Include="GameEngine\src\Object.hpp">
      <Filter>Engine</Filter>
    </ClInclude>
    <ClInclude Include="GameEngine\src\ComponentTypes.hpp">
      <Filter>Game\Component</Filter>
    </ClInclude>
    <ClInclude Include="GameEngine\src\LevelManager.hpp">
      <Filter>Engine</Filter>
    </ClInclude>
    <ClInclude Include="GameEngine\src\Level.hpp">
      <Filter>Engine</Filter>
    </ClInclude>
    <ClInclude Include="GameEngine\src\LevelType.hpp">
      <Filter>Game\Level</Filter>
    </ClInclude>
    <ClInclude Include="Game\Level\TestLevel.hpp">
      <Filter>Game\Level</Filter>
    </ClInclude>
    <ClInclude Include="Game\Component\TestComp.hpp">
      <Filter>Game\Component</Filter>
    </ClInclude>
    <ClInclude Include="GameEngine\src\Application.hpp">
      <Filter>Engine</Filter>
    </ClInclude>
    <ClInclude Include="Game\Component\Physics.hpp">
      <Filter>Game\Component</Filter>
    </ClInclude>
  </ItemGroup>
</Project>